<?xml version="1.0" encoding="utf-8"?>
<Project ToolsVersion="4.0" xmlns="http://schemas.microsoft.com/developer/msbuild/2003">
  <ItemGroup>
    <Filter Include="Source Files">
      <UniqueIdentifier>{4FC737F1-C7A5-4376-A066-2A32D752A2FF}</UniqueIdentifier>
      <Extensions>cpp;c;cc;cxx;c++;cppm;ixx;def;odl;idl;hpj;bat;asm;asmx</Extensions>
    </Filter>
    <Filter Include="Header Files">
      <UniqueIdentifier>{93995380-89BD-4b04-88EB-625FBE52EBFB}</UniqueIdentifier>
      <Extensions>h;hh;hpp;hxx;h++;hm;inl;inc;ipp;xsd</Extensions>
    </Filter>
    <Filter Include="Resource Files">
      <UniqueIdentifier>{67DA6AB6-F800-4c08-8B7A-83BB121AAD01}</UniqueIdentifier>
      <Extensions>rc;ico;cur;bmp;dlg;rc2;rct;bin;rgs;gif;jpg;jpeg;jpe;resx;tiff;tif;png;wav;mfcribbon-ms</Extensions>
    </Filter>
  </ItemGroup>
  <ItemGroup>
    <ClCompile Include="Slot_Machine.cpp">
      <Filter>Source Files</Filter>
    </ClCompile>
    <ClCompile Include="Matrix.cpp">
      <Filter>Source Files</Filter>
    </ClCompile>
    <ClCompile Include="CreditField.cpp">
      <Filter>Source Files</Filter>
    </ClCompile>
    <ClCompile Include="Bet.cpp">
      <Filter>Source Files</Filter>
    </ClCompile>
    <ClCompile Include="Start.cpp">
      <Filter>Source Files</Filter>
    </ClCompile>
    <ClCompile Include="PaytableSuperFire.cpp">
      <Filter>Source Files</Filter>
    </ClCompile>
    <ClCompile Include="PrintGameName.cpp">
      <Filter>Source Files</Filter>
    </ClCompile>
    <ClCompile Include="Gamble.cpp">
      <Filter>Source Files</Filter>
    </ClCompile>
    <ClCompile Include="Select_Game.cpp">
      <Filter>Source Files</Filter>
    </ClCompile>
    <ClCompile Include="Free_Games.cpp">
      <Filter>Source Files</Filter>
    </ClCompile>
    <ClCompile Include="PaytableWisePharaohs5.cpp">
      <Filter>Source Files</Filter>
    </ClCompile>
    <ClCompile Include="MatrixPharaohs.cpp">
      <Filter>Source Files</Filter>
    </ClCompile>
    <ClCompile Include="PaytableTiger%27sBattle.cpp">
      <Filter>Source Files</Filter>
    </ClCompile>
    <ClCompile Include="Keno.cpp">
      <Filter>Source Files</Filter>
    </ClCompile>
    <ClCompile Include="Keno_HotAndCold.cpp">
      <Filter>Source Files</Filter>
    </ClCompile>
  </ItemGroup>
  <ItemGroup>
    <ClInclude Include="Matrix.h">
      <Filter>Source Files</Filter>
    </ClInclude>
    <ClInclude Include="Credit.h">
      <Filter>Header Files</Filter>
    </ClInclude>
    <ClInclude Include="CreditField.h">
      <Filter>Source Files</Filter>
    </ClInclude>
    <ClInclude Include="Bet.h">
      <Filter>Source Files</Filter>
    </ClInclude>
    <ClInclude Include="PaytableSuperFire.h">
      <Filter>Source Files</Filter>
    </ClInclude>
    <ClInclude Include="PrintGameName.h">
      <Filter>Source Files</Filter>
    </ClInclude>
    <ClInclude Include="Gamble.h">
      <Filter>Source Files</Filter>
    </ClInclude>
    <ClInclude Include="Select_Game.h">
      <Filter>Source Files</Filter>
    </ClInclude>
    <ClInclude Include="Free_Games.h">
      <Filter>Source Files</Filter>
    </ClInclude>
    <ClInclude Include="PaytableWisePharaohs5.h">
      <Filter>Source Files</Filter>
    </ClInclude>
    <ClInclude Include="MatrixPharaohs.h">
      <Filter>Source Files</Filter>
    </ClInclude>
    <ClInclude Include="Start.h">
      <Filter>Source Files</Filter>
    </ClInclude>
    <ClInclude Include="PaytableTiger%27sBattle.h">
      <Filter>Source Files</Filter>
    </ClInclude>
    <ClInclude Include="Keno.h">
      <Filter>Source Files</Filter>
    </ClInclude>
    <ClInclude Include="Keno_HotAndCold.h">
      <Filter>Source Files</Filter>
    </ClInclude>
  </ItemGroup>
</Project>